
Microsoft Visual Studio Solution File, Format Version 12.00
# Visual Studio Version 16
VisualStudioVersion = 16.0.29025.244
MinimumVisualStudioVersion = 10.0.40219.1
Project("{FAE04EC0-301F-11D3-BF4B-00C04F79EFBC}") = "Tanks", "Tanks\Tanks.csproj", "{ECE49C79-3630-49F9-B7BA-ECDA8875FA91}"
EndProject
Global
	GlobalSection(SolutionConfigurationPlatforms) = preSolution
		Debug|Any CPU = Debug|Any CPU
		Release|Any CPU = Release|Any CPU
	EndGlobalSection
	GlobalSection(ProjectConfigurationPlatforms) = postSolution
		{ECE49C79-3630-49F9-B7BA-ECDA8875FA91}.Debug|Any CPU.ActiveCfg = Debug|Any CPU
		{ECE49C79-3630-49F9-B7BA-ECDA8875FA91}.Debug|Any CPU.Build.0 = Debug|Any CPU
		{ECE49C79-3630-49F9-B7BA-ECDA8875FA91}.Release|Any CPU.ActiveCfg = Release|Any CPU
		{ECE49C79-3630-49F9-B7BA-ECDA8875FA91}.Release|Any CPU.Build.0 = Release|Any CPU
	EndGlobalSection
	GlobalSection(SolutionProperties) = preSolution
		HideSolutionNode = FALSE
	EndGlobalSection
	GlobalSection(ExtensibilityGlobals) = postSolution
		SolutionGuid = {380F2137-BE92-4479-A6CE-5CC4F6F9AF6C}
	EndGlobalSection
EndGlobal
